// !$*UTF8*$!
{
	archiveVersion = 1;
	classes = {
	};
	objectVersion = 55;
	objects = {

/* Begin PBXBuildFile section */
		3206552D285D996D00023DBC /* AppDelegate.swift in Sources */ = {isa = PBXBuildFile; fileRef = 3206552C285D996D00023DBC /* AppDelegate.swift */; };
		3206552F285D996D00023DBC /* SceneDelegate.swift in Sources */ = {isa = PBXBuildFile; fileRef = 3206552E285D996D00023DBC /* SceneDelegate.swift */; };
		32065534285D996D00023DBC /* Main.storyboard in Resources */ = {isa = PBXBuildFile; fileRef = 32065532285D996D00023DBC /* Main.storyboard */; };
		32065536285D996F00023DBC /* Assets.xcassets in Resources */ = {isa = PBXBuildFile; fileRef = 32065535285D996F00023DBC /* Assets.xcassets */; };
		32065539285D996F00023DBC /* LaunchScreen.storyboard in Resources */ = {isa = PBXBuildFile; fileRef = 32065537285D996F00023DBC /* LaunchScreen.storyboard */; };
		32065541285D9B0400023DBC /* TableViewController17.swift in Sources */ = {isa = PBXBuildFile; fileRef = 32065540285D9B0400023DBC /* TableViewController17.swift */; };
		32065543285D9B0600023DBC /* DetailViewController17.swift in Sources */ = {isa = PBXBuildFile; fileRef = 32065542285D9B0600023DBC /* DetailViewController17.swift */; };
		32065545285D9B1600023DBC /* Message.swift in Sources */ = {isa = PBXBuildFile; fileRef = 32065544285D9B1600023DBC /* Message.swift */; };
		32065547285D9B1800023DBC /* TotoLIst.swift in Sources */ = {isa = PBXBuildFile; fileRef = 32065546285D9B1800023DBC /* TotoLIst.swift */; };
		3206554A285D9B7D00023DBC /* TableViewController1701.swift in Sources */ = {isa = PBXBuildFile; fileRef = 32065549285D9B7D00023DBC /* TableViewController1701.swift */; };
		3206554C285D9B9000023DBC /* DetailViewController1701.swift in Sources */ = {isa = PBXBuildFile; fileRef = 3206554B285D9B9000023DBC /* DetailViewController1701.swift */; };
		3206554E285D9B9700023DBC /* Animal.swift in Sources */ = {isa = PBXBuildFile; fileRef = 3206554D285D9B9700023DBC /* Animal.swift */; };
		32065550285D9D6400023DBC /* AddViewController.swift in Sources */ = {isa = PBXBuildFile; fileRef = 3206554F285D9D6400023DBC /* AddViewController.swift */; };
/* End PBXBuildFile section */

/* Begin PBXFileReference section */
		32065529285D996D00023DBC /* Sketch.app */ = {isa = PBXFileReference; explicitFileType = wrapper.application; includeInIndex = 0; path = Sketch.app; sourceTree = BUILT_PRODUCTS_DIR; };
		3206552C285D996D00023DBC /* AppDelegate.swift */ = {isa = PBXFileReference; lastKnownFileType = sourcecode.swift; path = AppDelegate.swift; sourceTree = "<group>"; };
		3206552E285D996D00023DBC /* SceneDelegate.swift */ = {isa = PBXFileReference; lastKnownFileType = sourcecode.swift; path = SceneDelegate.swift; sourceTree = "<group>"; };
		32065533285D996D00023DBC /* Base */ = {isa = PBXFileReference; lastKnownFileType = file.storyboard; name = Base; path = Base.lproj/Main.storyboard; sourceTree = "<group>"; };
		32065535285D996F00023DBC /* Assets.xcassets */ = {isa = PBXFileReference; lastKnownFileType = folder.assetcatalog; path = Assets.xcassets; sourceTree = "<group>"; };
		32065538285D996F00023DBC /* Base */ = {isa = PBXFileReference; lastKnownFileType = file.storyboard; name = Base; path = Base.lproj/LaunchScreen.storyboard; sourceTree = "<group>"; };
		3206553A285D996F00023DBC /* Info.plist */ = {isa = PBXFileReference; lastKnownFileType = text.plist.xml; path = Info.plist; sourceTree = "<group>"; };
		32065540285D9B0400023DBC /* TableViewController17.swift */ = {isa = PBXFileReference; lastKnownFileType = sourcecode.swift; path = TableViewController17.swift; sourceTree = "<group>"; };
		32065542285D9B0600023DBC /* DetailViewController17.swift */ = {isa = PBXFileReference; lastKnownFileType = sourcecode.swift; path = DetailViewController17.swift; sourceTree = "<group>"; };
		32065544285D9B1600023DBC /* Message.swift */ = {isa = PBXFileReference; lastKnownFileType = sourcecode.swift; path = Message.swift; sourceTree = "<group>"; };
		32065546285D9B1800023DBC /* TotoLIst.swift */ = {isa = PBXFileReference; lastKnownFileType = sourcecode.swift; path = TotoLIst.swift; sourceTree = "<group>"; };
		32065549285D9B7D00023DBC /* TableViewController1701.swift */ = {isa = PBXFileReference; lastKnownFileType = sourcecode.swift; path = TableViewController1701.swift; sourceTree = "<group>"; };
		3206554B285D9B9000023DBC /* DetailViewController1701.swift */ = {isa = PBXFileReference; lastKnownFileType = sourcecode.swift; name = DetailViewController1701.swift; path = "../../Quiz17-01/Quiz17-01/DetailViewController1701.swift"; sourceTree = "<group>"; };
		3206554D285D9B9700023DBC /* Animal.swift */ = {isa = PBXFileReference; lastKnownFileType = sourcecode.swift; path = Animal.swift; sourceTree = "<group>"; };
		3206554F285D9D6400023DBC /* AddViewController.swift */ = {isa = PBXFileReference; lastKnownFileType = sourcecode.swift; path = AddViewController.swift; sourceTree = "<group>"; };
/* End PBXFileReference section */

/* Begin PBXFrameworksBuildPhase section */
		32065526285D996D00023DBC /* Frameworks */ = {
			isa = PBXFrameworksBuildPhase;
			buildActionMask = 2147483647;
			files = (
			);
			runOnlyForDeploymentPostprocessing = 0;
		};
/* End PBXFrameworksBuildPhase section */

/* Begin PBXGroup section */
		32065520285D996D00023DBC = {
			isa = PBXGroup;
			children = (
				3206552B285D996D00023DBC /* Sketch */,
				3206552A285D996D00023DBC /* Products */,
			);
			sourceTree = "<group>";
		};
		3206552A285D996D00023DBC /* Products */ = {
			isa = PBXGroup;
			children = (
				32065529285D996D00023DBC /* Sketch.app */,
			);
			name = Products;
			sourceTree = "<group>";
		};
		3206552B285D996D00023DBC /* Sketch */ = {
			isa = PBXGroup;
			children = (
				3206552C285D996D00023DBC /* AppDelegate.swift */,
				3206552E285D996D00023DBC /* SceneDelegate.swift */,
				32065532285D996D00023DBC /* Main.storyboard */,
				32065535285D996F00023DBC /* Assets.xcassets */,
				32065537285D996F00023DBC /* LaunchScreen.storyboard */,
				3206553A285D996F00023DBC /* Info.plist */,
				32065540285D9B0400023DBC /* TableViewController17.swift */,
				32065542285D9B0600023DBC /* DetailViewController17.swift */,
				32065544285D9B1600023DBC /* Message.swift */,
				32065546285D9B1800023DBC /* TotoLIst.swift */,
				32065549285D9B7D00023DBC /* TableViewController1701.swift */,
				3206554B285D9B9000023DBC /* DetailViewController1701.swift */,
				3206554D285D9B9700023DBC /* Animal.swift */,
				3206554F285D9D6400023DBC /* AddViewController.swift */,
			);
			path = Sketch;
			sourceTree = "<group>";
		};
/* End PBXGroup section */

/* Begin PBXNativeTarget section */
		32065528285D996D00023DBC /* Sketch */ = {
			isa = PBXNativeTarget;
			buildConfigurationList = 3206553D285D996F00023DBC /* Build configuration list for PBXNativeTarget "Sketch" */;
			buildPhases = (
				32065525285D996D00023DBC /* Sources */,
				32065526285D996D00023DBC /* Frameworks */,
				32065527285D996D00023DBC /* Resources */,
			);
			buildRules = (
			);
			dependencies = (
			);
			name = Sketch;
			productName = Sketch;
			productReference = 32065529285D996D00023DBC /* Sketch.app */;
			productType = "com.apple.product-type.application";
		};
/* End PBXNativeTarget section */

/* Begin PBXProject section */
		32065521285D996D00023DBC /* Project object */ = {
			isa = PBXProject;
			attributes = {
				BuildIndependentTargetsInParallel = 1;
				LastSwiftUpdateCheck = 1330;
				LastUpgradeCheck = 1330;
				TargetAttributes = {
					32065528285D996D00023DBC = {
						CreatedOnToolsVersion = 13.3.1;
					};
				};
			};
			buildConfigurationList = 32065524285D996D00023DBC /* Build configuration list for PBXProject "Sketch" */;
			compatibilityVersion = "Xcode 13.0";
			developmentRegion = en;
			hasScannedForEncodings = 0;
			knownRegions = (
				en,
				Base,
			);
			mainGroup = 32065520285D996D00023DBC;
			productRefGroup = 3206552A285D996D00023DBC /* Products */;
			projectDirPath = "";
			projectRoot = "";
			targets = (
				32065528285D996D00023DBC /* Sketch */,
			);
		};
/* End PBXProject section */

/* Begin PBXResourcesBuildPhase section */
		32065527285D996D00023DBC /* Resources */ = {
			isa = PBXResourcesBuildPhase;
			buildActionMask = 2147483647;
			files = (
				32065539285D996F00023DBC /* LaunchScreen.storyboard in Resources */,
				32065536285D996F00023DBC /* Assets.xcassets in Resources */,
				32065534285D996D00023DBC /* Main.storyboard in Resources */,
			);
			runOnlyForDeploymentPostprocessing = 0;
		};
/* End PBXResourcesBuildPhase section */

/* Begin PBXSourcesBuildPhase section */
		32065525285D996D00023DBC /* Sources */ = {
			isa = PBXSourcesBuildPhase;
			buildActionMask = 2147483647;
			files = (
				32065550285D9D6400023DBC /* AddViewController.swift in Sources */,
				32065541285D9B0400023DBC /* TableViewController17.swift in Sources */,
				32065543285D9B0600023DBC /* DetailViewController17.swift in Sources */,
				3206554C285D9B9000023DBC /* DetailViewController1701.swift in Sources */,
				32065545285D9B1600023DBC /* Message.swift in Sources */,
				3206554A285D9B7D00023DBC /* TableViewController1701.swift in Sources */,
				32065547285D9B1800023DBC /* TotoLIst.swift in Sources */,
				3206552D285D996D00023DBC /* AppDelegate.swift in Sources */,
				3206552F285D996D00023DBC /* SceneDelegate.swift in Sources */,
				3206554E285D9B9700023DBC /* Animal.swift in Sources */,
			);
			runOnlyForDeploymentPostprocessing = 0;
		};
/* End PBXSourcesBuildPhase section */

/* Begin PBXVariantGroup section */
		32065532285D996D00023DBC /* Main.storyboard */ = {
			isa = PBXVariantGroup;
			children = (
				32065533285D996D00023DBC /* Base */,
			);
			name = Main.storyboard;
			sourceTree = "<group>";
		};
		32065537285D996F00023DBC /* LaunchScreen.storyboard */ = {
			isa = PBXVariantGroup;
			children = (
				32065538285D996F00023DBC /* Base */,
			);
			name = LaunchScreen.storyboard;
			sourceTree = "<group>";
		};
/* End PBXVariantGroup section */

/* Begin XCBuildConfiguration section */
		3206553B285D996F00023DBC /* Debug */ = {
			isa = XCBuildConfiguration;
			buildSettings = {
				ALWAYS_SEARCH_USER_PATHS = NO;
				CLANG_ANALYZER_NONNULL = YES;
				CLANG_ANALYZER_NUMBER_OBJECT_CONVERSION = YES_AGGRESSIVE;
				CLANG_CXX_LANGUAGE_STANDARD = "gnu++17";
				CLANG_ENABLE_MODULES = YES;
				CLANG_ENABLE_OBJC_ARC = YES;
				CLANG_ENABLE_OBJC_WEAK = YES;
				CLANG_WARN_BLOCK_CAPTURE_AUTORELEASING = YES;
				CLANG_WARN_BOOL_CONVERSION = YES;
				CLANG_WARN_COMMA = YES;
				CLANG_WARN_CONSTANT_CONVERSION = YES;
				CLANG_WARN_DEPRECATED_OBJC_IMPLEMENTATIONS = YES;
				CLANG_WARN_DIRECT_OBJC_ISA_USAGE = YES_ERROR;
				CLANG_WARN_DOCUMENTATION_COMMENTS = YES;
				CLANG_WARN_EMPTY_BODY = YES;
				CLANG_WARN_ENUM_CONVERSION = YES;
				CLANG_WARN_INFINITE_RECURSION = YES;
				CLANG_WARN_INT_CONVERSION = YES;
				CLANG_WARN_NON_LITERAL_NULL_CONVERSION = YES;
				CLANG_WARN_OBJC_IMPLICIT_RETAIN_SELF = YES;
				CLANG_WARN_OBJC_LITERAL_CONVERSION = YES;
				CLANG_WARN_OBJC_ROOT_CLASS = YES_ERROR;
				CLANG_WARN_QUOTED_INCLUDE_IN_FRAMEWORK_HEADER = YES;
				CLANG_WARN_RANGE_LOOP_ANALYSIS = YES;
				CLANG_WARN_STRICT_PROTOTYPES = YES;
				CLANG_WARN_SUSPICIOUS_MOVE = YES;
				CLANG_WARN_UNGUARDED_AVAILABILITY = YES_AGGRESSIVE;
				CLANG_WARN_UNREACHABLE_CODE = YES;
				CLANG_WARN__DUPLICATE_METHOD_MATCH = YES;
				COPY_PHASE_STRIP = NO;
				DEBUG_INFORMATION_FORMAT = dwarf;
				ENABLE_STRICT_OBJC_MSGSEND = YES;
				ENABLE_TESTABILITY = YES;
				GCC_C_LANGUAGE_STANDARD = gnu11;
				GCC_DYNAMIC_NO_PIC = NO;
				GCC_NO_COMMON_BLOCKS = YES;
				GCC_OPTIMIZATION_LEVEL = 0;
				GCC_PREPROCESSOR_DEFINITIONS = (
					"DEBUG=1",
					"$(inherited)",
				);
				GCC_WARN_64_TO_32_BIT_CONVERSION = YES;
				GCC_WARN_ABOUT_RETURN_TYPE = YES_ERROR;
				GCC_WARN_UNDECLARED_SELECTOR = YES;
				GCC_WARN_UNINITIALIZED_AUTOS = YES_AGGRESSIVE;
				GCC_WARN_UNUSED_FUNCTION = YES;
				GCC_WARN_UNUSED_VARIABLE = YES;
				IPHONEOS_DEPLOYMENT_TARGET = 15.4;
				MTL_ENABLE_DEBUG_INFO = INCLUDE_SOURCE;
				MTL_FAST_MATH = YES;
				ONLY_ACTIVE_ARCH = YES;
				SDKROOT = iphoneos;
				SWIFT_ACTIVE_COMPILATION_CONDITIONS = DEBUG;
				SWIFT_OPTIMIZATION_LEVEL = "-Onone";
			};
			name = Debug;
		};
		3206553C285D996F00023DBC /* Release */ = {
			isa = XCBuildConfiguration;
			buildSettings = {
				ALWAYS_SEARCH_USER_PATHS = NO;
				CLANG_ANALYZER_NONNULL = YES;
				CLANG_ANALYZER_NUMBER_OBJECT_CONVERSION = YES_AGGRESSIVE;
				CLANG_CXX_LANGUAGE_STANDARD = "gnu++17";
				CLANG_ENABLE_MODULES = YES;
				CLANG_ENABLE_OBJC_ARC = YES;
				CLANG_ENABLE_OBJC_WEAK = YES;
				CLANG_WARN_BLOCK_CAPTURE_AUTORELEASING = YES;
				CLANG_WARN_BOOL_CONVERSION = YES;
				CLANG_WARN_COMMA = YES;
				CLANG_WARN_CONSTANT_CONVERSION = YES;
				CLANG_WARN_DEPRECATED_OBJC_IMPLEMENTATIONS = YES;
				CLANG_WARN_DIRECT_OBJC_ISA_USAGE = YES_ERROR;
				CLANG_WARN_DOCUMENTATION_COMMENTS = YES;
				CLANG_WARN_EMPTY_BODY = YES;
				CLANG_WARN_ENUM_CONVERSION = YES;
				CLANG_WARN_INFINITE_RECURSION = YES;
				CLANG_WARN_INT_CONVERSION = YES;
				CLANG_WARN_NON_LITERAL_NULL_CONVERSION = YES;
				CLANG_WARN_OBJC_IMPLICIT_RETAIN_SELF = YES;
				CLANG_WARN_OBJC_LITERAL_CONVERSION = YES;
				CLANG_WARN_OBJC_ROOT_CLASS = YES_ERROR;
				CLANG_WARN_QUOTED_INCLUDE_IN_FRAMEWORK_HEADER = YES;
				CLANG_WARN_RANGE_LOOP_ANALYSIS = YES;
				CLANG_WARN_STRICT_PROTOTYPES = YES;
				CLANG_WARN_SUSPICIOUS_MOVE = YES;
				CLANG_WARN_UNGUARDED_AVAILABILITY = YES_AGGRESSIVE;
				CLANG_WARN_UNREACHABLE_CODE = YES;
				CLANG_WARN__DUPLICATE_METHOD_MATCH = YES;
				COPY_PHASE_STRIP = NO;
				DEBUG_INFORMATION_FORMAT = "dwarf-with-dsym";
				ENABLE_NS_ASSERTIONS = NO;
				ENABLE_STRICT_OBJC_MSGSEND = YES;
				GCC_C_LANGUAGE_STANDARD = gnu11;
				GCC_NO_COMMON_BLOCKS = YES;
				GCC_WARN_64_TO_32_BIT_CONVERSION = YES;
				GCC_WARN_ABOUT_RETURN_TYPE = YES_ERROR;
				GCC_WARN_UNDECLARED_SELECTOR = YES;
				GCC_WARN_UNINITIALIZED_AUTOS = YES_AGGRESSIVE;
				GCC_WARN_UNUSED_FUNCTION = YES;
				GCC_WARN_UNUSED_VARIABLE = YES;
				IPHONEOS_DEPLOYMENT_TARGET = 15.4;
				MTL_ENABLE_DEBUG_INFO = NO;
				MTL_FAST_MATH = YES;
				SDKROOT = iphoneos;
				SWIFT_COMPILATION_MODE = wholemodule;
				SWIFT_OPTIMIZATION_LEVEL = "-O";
				VALIDATE_PRODUCT = YES;
			};
			name = Release;
		};
		3206553E285D996F00023DBC /* Debug */ = {
			isa = XCBuildConfiguration;
			buildSettings = {
				ASSETCATALOG_COMPILER_APPICON_NAME = AppIcon;
				ASSETCATALOG_COMPILER_GLOBAL_ACCENT_COLOR_NAME = AccentColor;
				CODE_SIGN_STYLE = Automatic;
				CURRENT_PROJECT_VERSION = 1;
				GENERATE_INFOPLIST_FILE = YES;
				INFOPLIST_FILE = Sketch/Info.plist;
				INFOPLIST_KEY_UIApplicationSupportsIndirectInputEvents = YES;
				INFOPLIST_KEY_UILaunchStoryboardName = LaunchScreen;
				INFOPLIST_KEY_UIMainStoryboardFile = Main;
				INFOPLIST_KEY_UISupportedInterfaceOrientations_iPad = "UIInterfaceOrientationPortrait UIInterfaceOrientationPortraitUpsideDown UIInterfaceOrientationLandscapeLeft UIInterfaceOrientationLandscapeRight";
				INFOPLIST_KEY_UISupportedInterfaceOrientations_iPhone = "UIInterfaceOrientationPortrait UIInterfaceOrientationLandscapeLeft UIInterfaceOrientationLandscapeRight";
				LD_RUNPATH_SEARCH_PATHS = (
					"$(inherited)",
					"@executable_path/Frameworks",
				);
				MARKETING_VERSION = 1.0;
				PRODUCT_BUNDLE_IDENTIFIER = com.swiftlec.Sketch;
				PRODUCT_NAME = "$(TARGET_NAME)";
				SWIFT_EMIT_LOC_STRINGS = YES;
				SWIFT_VERSION = 5.0;
				TARGETED_DEVICE_FAMILY = "1,2";
			};
			name = Debug;
		};
		3206553F285D996F00023DBC /* Release */ = {
			isa = XCBuildConfiguration;
			buildSettings = {
				ASSETCATALOG_COMPILER_APPICON_NAME = AppIcon;
				ASSETCATALOG_COMPILER_GLOBAL_ACCENT_COLOR_NAME = AccentColor;
				CODE_SIGN_STYLE = Automatic;
				CURRENT_PROJECT_VERSION = 1;
				GENERATE_INFOPLIST_FILE = YES;
				INFOPLIST_FILE = Sketch/Info.plist;
				INFOPLIST_KEY_UIApplicationSupportsIndirectInputEvents = YES;
				INFOPLIST_KEY_UILaunchStoryboardName = LaunchScreen;
				INFOPLIST_KEY_UIMainStoryboardFile = Main;
				INFOPLIST_KEY_UISupportedInterfaceOrientations_iPad = "UIInterfaceOrientationPortrait UIInterfaceOrientationPortraitUpsideDown UIInterfaceOrientationLandscapeLeft UIInterfaceOrientationLandscapeRight";
				INFOPLIST_KEY_UISupportedInterfaceOrientations_iPhone = "UIInterfaceOrientationPortrait UIInterfaceOrientationLandscapeLeft UIInterfaceOrientationLandscapeRight";
				LD_RUNPATH_SEARCH_PATHS = (
					"$(inherited)",
					"@executable_path/Frameworks",
				);
				MARKETING_VERSION = 1.0;
				PRODUCT_BUNDLE_IDENTIFIER = com.swiftlec.Sketch;
				PRODUCT_NAME = "$(TARGET_NAME)";
				SWIFT_EMIT_LOC_STRINGS = YES;
				SWIFT_VERSION = 5.0;
				TARGETED_DEVICE_FAMILY = "1,2";
			};
			name = Release;
		};
/* End XCBuildConfiguration section */

/* Begin XCConfigurationList section */
		32065524285D996D00023DBC /* Build configuration list for PBXProject "Sketch" */ = {
			isa = XCConfigurationList;
			buildConfigurations = (
				3206553B285D996F00023DBC /* Debug */,
				3206553C285D996F00023DBC /* Release */,
			);
			defaultConfigurationIsVisible = 0;
			defaultConfigurationName = Release;
		};
		3206553D285D996F00023DBC /* Build configuration list for PBXNativeTarget "Sketch" */ = {
			isa = XCConfigurationList;
			buildConfigurations = (
				3206553E285D996F00023DBC /* Debug */,
				3206553F285D996F00023DBC /* Release */,
			);
			defaultConfigurationIsVisible = 0;
			defaultConfigurationName = Release;
		};
/* End XCConfigurationList section */
	};
	rootObject = 32065521285D996D00023DBC /* Project object */;
}
